// !$*UTF8*$!
{
	archiveVersion = 1;
	classes = {
	};
	objectVersion = 46;
	objects = {

/* Begin PBXBuildFile section */
		4111E8371DC1DBEF00F98F3E /* Assets.xcassets in Resources */ = {isa = PBXBuildFile; fileRef = 4111E8361DC1DBEF00F98F3E /* Assets.xcassets */; };
		412B8B061DC169E700DF97B2 /* OldWordAlgorithm.swift in Sources */ = {isa = PBXBuildFile; fileRef = 412B8B051DC169E700DF97B2 /* OldWordAlgorithm.swift */; };
		412B8B081DC16CC000DF97B2 /* MorphController.swift in Sources */ = {isa = PBXBuildFile; fileRef = 412B8B071DC16CC000DF97B2 /* MorphController.swift */; };
		4163E6E61DC077EC00A02EA0 /* RhymeController.swift in Sources */ = {isa = PBXBuildFile; fileRef = 4163E6E51DC077EC00A02EA0 /* RhymeController.swift */; };
		418416FD1DC0697C00BE1985 /* AppDelegate.swift in Sources */ = {isa = PBXBuildFile; fileRef = 418416FC1DC0697C00BE1985 /* AppDelegate.swift */; };
		418416FF1DC0697C00BE1985 /* PrintAllController.swift in Sources */ = {isa = PBXBuildFile; fileRef = 418416FE1DC0697C00BE1985 /* PrintAllController.swift */; };
		418417021DC0697C00BE1985 /* Main.storyboard in Resources */ = {isa = PBXBuildFile; fileRef = 418417001DC0697C00BE1985 /* Main.storyboard */; };
		418417071DC0697C00BE1985 /* LaunchScreen.storyboard in Resources */ = {isa = PBXBuildFile; fileRef = 418417051DC0697C00BE1985 /* LaunchScreen.storyboard */; };
		418417121DC0697C00BE1985 /* Word_SearchTests.swift in Sources */ = {isa = PBXBuildFile; fileRef = 418417111DC0697C00BE1985 /* Word_SearchTests.swift */; };
		4184171D1DC0697C00BE1985 /* Word_SearchUITests.swift in Sources */ = {isa = PBXBuildFile; fileRef = 4184171C1DC0697C00BE1985 /* Word_SearchUITests.swift */; };
		4184172B1DC06C7000BE1985 /* WordList.txt in Resources */ = {isa = PBXBuildFile; fileRef = 4184172A1DC06C7000BE1985 /* WordList.txt */; };
		41B9AC2C1DC08A780060B752 /* ScrabbleController.swift in Sources */ = {isa = PBXBuildFile; fileRef = 41B9AC2B1DC08A780060B752 /* ScrabbleController.swift */; };
		41D875C91DC09EA200F989E0 /* WordSearchFunctions.swift in Sources */ = {isa = PBXBuildFile; fileRef = 41D875C81DC09EA200F989E0 /* WordSearchFunctions.swift */; };
/* End PBXBuildFile section */

/* Begin PBXContainerItemProxy section */
		4184170E1DC0697C00BE1985 /* PBXContainerItemProxy */ = {
			isa = PBXContainerItemProxy;
			containerPortal = 418416F11DC0697C00BE1985 /* Project object */;
			proxyType = 1;
			remoteGlobalIDString = 418416F81DC0697C00BE1985;
			remoteInfo = "Word Search";
		};
		418417191DC0697C00BE1985 /* PBXContainerItemProxy */ = {
			isa = PBXContainerItemProxy;
			containerPortal = 418416F11DC0697C00BE1985 /* Project object */;
			proxyType = 1;
			remoteGlobalIDString = 418416F81DC0697C00BE1985;
			remoteInfo = "Word Search";
		};
/* End PBXContainerItemProxy section */

/* Begin PBXFileReference section */
		4111E8361DC1DBEF00F98F3E /* Assets.xcassets */ = {isa = PBXFileReference; lastKnownFileType = folder.assetcatalog; path = Assets.xcassets; sourceTree = "<group>"; };
		412B8B051DC169E700DF97B2 /* OldWordAlgorithm.swift */ = {isa = PBXFileReference; fileEncoding = 4; lastKnownFileType = sourcecode.swift; path = OldWordAlgorithm.swift; sourceTree = "<group>"; };
		412B8B071DC16CC000DF97B2 /* MorphController.swift */ = {isa = PBXFileReference; fileEncoding = 4; lastKnownFileType = sourcecode.swift; path = MorphController.swift; sourceTree = "<group>"; };
		4163E6E51DC077EC00A02EA0 /* RhymeController.swift */ = {isa = PBXFileReference; fileEncoding = 4; lastKnownFileType = sourcecode.swift; path = RhymeController.swift; sourceTree = "<group>"; };
		418416F91DC0697C00BE1985 /* Word Search.app */ = {isa = PBXFileReference; explicitFileType = wrapper.application; includeInIndex = 0; path = "Word Search.app"; sourceTree = BUILT_PRODUCTS_DIR; };
		418416FC1DC0697C00BE1985 /* AppDelegate.swift */ = {isa = PBXFileReference; lastKnownFileType = sourcecode.swift; path = AppDelegate.swift; sourceTree = "<group>"; };
		418416FE1DC0697C00BE1985 /* PrintAllController.swift */ = {isa = PBXFileReference; lastKnownFileType = sourcecode.swift; path = PrintAllController.swift; sourceTree = "<group>"; };
		418417011DC0697C00BE1985 /* Base */ = {isa = PBXFileReference; lastKnownFileType = file.storyboard; name = Base; path = Base.lproj/Main.storyboard; sourceTree = "<group>"; };
		418417061DC0697C00BE1985 /* Base */ = {isa = PBXFileReference; lastKnownFileType = file.storyboard; name = Base; path = Base.lproj/LaunchScreen.storyboard; sourceTree = "<group>"; };
		418417081DC0697C00BE1985 /* Info.plist */ = {isa = PBXFileReference; lastKnownFileType = text.plist.xml; path = Info.plist; sourceTree = "<group>"; };
		4184170D1DC0697C00BE1985 /* Word SearchTests.xctest */ = {isa = PBXFileReference; explicitFileType = wrapper.cfbundle; includeInIndex = 0; path = "Word SearchTests.xctest"; sourceTree = BUILT_PRODUCTS_DIR; };
		418417111DC0697C00BE1985 /* Word_SearchTests.swift */ = {isa = PBXFileReference; lastKnownFileType = sourcecode.swift; path = Word_SearchTests.swift; sourceTree = "<group>"; };
		418417131DC0697C00BE1985 /* Info.plist */ = {isa = PBXFileReference; lastKnownFileType = text.plist.xml; path = Info.plist; sourceTree = "<group>"; };
		418417181DC0697C00BE1985 /* Word SearchUITests.xctest */ = {isa = PBXFileReference; explicitFileType = wrapper.cfbundle; includeInIndex = 0; path = "Word SearchUITests.xctest"; sourceTree = BUILT_PRODUCTS_DIR; };
		4184171C1DC0697C00BE1985 /* Word_SearchUITests.swift */ = {isa = PBXFileReference; lastKnownFileType = sourcecode.swift; path = Word_SearchUITests.swift; sourceTree = "<group>"; };
		4184171E1DC0697C00BE1985 /* Info.plist */ = {isa = PBXFileReference; lastKnownFileType = text.plist.xml; path = Info.plist; sourceTree = "<group>"; };
		4184172A1DC06C7000BE1985 /* WordList.txt */ = {isa = PBXFileReference; fileEncoding = 4; lastKnownFileType = text; name = WordList.txt; path = ../../../Fall2016/COMPE361/Assignment2/Assignment2/WordList.txt; sourceTree = "<group>"; };
		41B9AC2B1DC08A780060B752 /* ScrabbleController.swift */ = {isa = PBXFileReference; fileEncoding = 4; lastKnownFileType = sourcecode.swift; path = ScrabbleController.swift; sourceTree = "<group>"; };
		41D875C81DC09EA200F989E0 /* WordSearchFunctions.swift */ = {isa = PBXFileReference; fileEncoding = 4; lastKnownFileType = sourcecode.swift; path = WordSearchFunctions.swift; sourceTree = "<group>"; };
/* End PBXFileReference section */

/* Begin PBXFrameworksBuildPhase section */
		418416F61DC0697C00BE1985 /* Frameworks */ = {
			isa = PBXFrameworksBuildPhase;
			buildActionMask = 2147483647;
			files = (
			);
			runOnlyForDeploymentPostprocessing = 0;
		};
		4184170A1DC0697C00BE1985 /* Frameworks */ = {
			isa = PBXFrameworksBuildPhase;
			buildActionMask = 2147483647;
			files = (
			);
			runOnlyForDeploymentPostprocessing = 0;
		};
		418417151DC0697C00BE1985 /* Frameworks */ = {
			isa = PBXFrameworksBuildPhase;
			buildActionMask = 2147483647;
			files = (
			);
			runOnlyForDeploymentPostprocessing = 0;
		};
/* End PBXFrameworksBuildPhase section */

/* Begin PBXGroup section */
		418416F01DC0697C00BE1985 = {
			isa = PBXGroup;
			children = (
				418416FB1DC0697C00BE1985 /* Word Search */,
				418417101DC0697C00BE1985 /* Word SearchTests */,
				4184171B1DC0697C00BE1985 /* Word SearchUITests */,
				418416FA1DC0697C00BE1985 /* Products */,
			);
			sourceTree = "<group>";
		};
		418416FA1DC0697C00BE1985 /* Products */ = {
			isa = PBXGroup;
			children = (
				418416F91DC0697C00BE1985 /* Word Search.app */,
				4184170D1DC0697C00BE1985 /* Word SearchTests.xctest */,
				418417181DC0697C00BE1985 /* Word SearchUITests.xctest */,
			);
			name = Products;
			sourceTree = "<group>";
		};
		418416FB1DC0697C00BE1985 /* Word Search */ = {
			isa = PBXGroup;
			children = (
				412B8B051DC169E700DF97B2 /* OldWordAlgorithm.swift */,
				41D875C81DC09EA200F989E0 /* WordSearchFunctions.swift */,
				418416FC1DC0697C00BE1985 /* AppDelegate.swift */,
				418416FE1DC0697C00BE1985 /* PrintAllController.swift */,
				4163E6E51DC077EC00A02EA0 /* RhymeController.swift */,
				41B9AC2B1DC08A780060B752 /* ScrabbleController.swift */,
				412B8B071DC16CC000DF97B2 /* MorphController.swift */,
				418417001DC0697C00BE1985 /* Main.storyboard */,
				4111E8361DC1DBEF00F98F3E /* Assets.xcassets */,
				4184172A1DC06C7000BE1985 /* WordList.txt */,
				418417051DC0697C00BE1985 /* LaunchScreen.storyboard */,
				418417081DC0697C00BE1985 /* Info.plist */,
			);
			path = "Word Search";
			sourceTree = "<group>";
		};
		418417101DC0697C00BE1985 /* Word SearchTests */ = {
			isa = PBXGroup;
			children = (
				418417111DC0697C00BE1985 /* Word_SearchTests.swift */,
				418417131DC0697C00BE1985 /* Info.plist */,
			);
			path = "Word SearchTests";
			sourceTree = "<group>";
		};
		4184171B1DC0697C00BE1985 /* Word SearchUITests */ = {
			isa = PBXGroup;
			children = (
				4184171C1DC0697C00BE1985 /* Word_SearchUITests.swift */,
				4184171E1DC0697C00BE1985 /* Info.plist */,
			);
			path = "Word SearchUITests";
			sourceTree = "<group>";
		};
/* End PBXGroup section */

/* Begin PBXNativeTarget section */
		418416F81DC0697C00BE1985 /* Word Search */ = {
			isa = PBXNativeTarget;
			buildConfigurationList = 418417211DC0697C00BE1985 /* Build configuration list for PBXNativeTarget "Word Search" */;
			buildPhases = (
				418416F51DC0697C00BE1985 /* Sources */,
				418416F61DC0697C00BE1985 /* Frameworks */,
				418416F71DC0697C00BE1985 /* Resources */,
			);
			buildRules = (
			);
			dependencies = (
			);
			name = "Word Search";
			productName = "Word Search";
			productReference = 418416F91DC0697C00BE1985 /* Word Search.app */;
			productType = "com.apple.product-type.application";
		};
		4184170C1DC0697C00BE1985 /* Word SearchTests */ = {
			isa = PBXNativeTarget;
			buildConfigurationList = 418417241DC0697C00BE1985 /* Build configuration list for PBXNativeTarget "Word SearchTests" */;
			buildPhases = (
				418417091DC0697C00BE1985 /* Sources */,
				4184170A1DC0697C00BE1985 /* Frameworks */,
				4184170B1DC0697C00BE1985 /* Resources */,
			);
			buildRules = (
			);
			dependencies = (
				4184170F1DC0697C00BE1985 /* PBXTargetDependency */,
			);
			name = "Word SearchTests";
			productName = "Word SearchTests";
			productReference = 4184170D1DC0697C00BE1985 /* Word SearchTests.xctest */;
			productType = "com.apple.product-type.bundle.unit-test";
		};
		418417171DC0697C00BE1985 /* Word SearchUITests */ = {
			isa = PBXNativeTarget;
			buildConfigurationList = 418417271DC0697C00BE1985 /* Build configuration list for PBXNativeTarget "Word SearchUITests" */;
			buildPhases = (
				418417141DC0697C00BE1985 /* Sources */,
				418417151DC0697C00BE1985 /* Frameworks */,
				418417161DC0697C00BE1985 /* Resources */,
			);
			buildRules = (
			);
			dependencies = (
				4184171A1DC0697C00BE1985 /* PBXTargetDependency */,
			);
			name = "Word SearchUITests";
			productName = "Word SearchUITests";
			productReference = 418417181DC0697C00BE1985 /* Word SearchUITests.xctest */;
			productType = "com.apple.product-type.bundle.ui-testing";
		};
/* End PBXNativeTarget section */

/* Begin PBXProject section */
		418416F11DC0697C00BE1985 /* Project object */ = {
			isa = PBXProject;
			attributes = {
				LastSwiftUpdateCheck = 0800;
				LastUpgradeCheck = 0810;
				ORGANIZATIONNAME = "Brian Vo";
				TargetAttributes = {
					418416F81DC0697C00BE1985 = {
						CreatedOnToolsVersion = 8.0;
						DevelopmentTeam = H4ECXMQC9V;
						ProvisioningStyle = Automatic;
					};
					4184170C1DC0697C00BE1985 = {
						CreatedOnToolsVersion = 8.0;
						DevelopmentTeam = H4ECXMQC9V;
						ProvisioningStyle = Automatic;
						TestTargetID = 418416F81DC0697C00BE1985;
					};
					418417171DC0697C00BE1985 = {
						CreatedOnToolsVersion = 8.0;
						DevelopmentTeam = H4ECXMQC9V;
						ProvisioningStyle = Automatic;
						TestTargetID = 418416F81DC0697C00BE1985;
					};
				};
			};
			buildConfigurationList = 418416F41DC0697C00BE1985 /* Build configuration list for PBXProject "Word Search" */;
			compatibilityVersion = "Xcode 3.2";
			developmentRegion = English;
			hasScannedForEncodings = 0;
			knownRegions = (
				en,
				Base,
			);
			mainGroup = 418416F01DC0697C00BE1985;
			productRefGroup = 418416FA1DC0697C00BE1985 /* Products */;
			projectDirPath = "";
			projectRoot = "";
			targets = (
				418416F81DC0697C00BE1985 /* Word Search */,
				4184170C1DC0697C00BE1985 /* Word SearchTests */,
				418417171DC0697C00BE1985 /* Word SearchUITests */,
			);
		};
/* End PBXProject section */

/* Begin PBXResourcesBuildPhase section */
		418416F71DC0697C00BE1985 /* Resources */ = {
			isa = PBXResourcesBuildPhase;
			buildActionMask = 2147483647;
			files = (
				418417071DC0697C00BE1985 /* LaunchScreen.storyboard in Resources */,
				4184172B1DC06C7000BE1985 /* WordList.txt in Resources */,
				4111E8371DC1DBEF00F98F3E /* Assets.xcassets in Resources */,
				418417021DC0697C00BE1985 /* Main.storyboard in Resources */,
			);
			runOnlyForDeploymentPostprocessing = 0;
		};
		4184170B1DC0697C00BE1985 /* Resources */ = {
			isa = PBXResourcesBuildPhase;
			buildActionMask = 2147483647;
			files = (
			);
			runOnlyForDeploymentPostprocessing = 0;
		};
		418417161DC0697C00BE1985 /* Resources */ = {
			isa = PBXResourcesBuildPhase;
			buildActionMask = 2147483647;
			files = (
			);
			runOnlyForDeploymentPostprocessing = 0;
		};
/* End PBXResourcesBuildPhase section */

/* Begin PBXSourcesBuildPhase section */
		418416F51DC0697C00BE1985 /* Sources */ = {
			isa = PBXSourcesBuildPhase;
			buildActionMask = 2147483647;
			files = (
				418416FF1DC0697C00BE1985 /* PrintAllController.swift in Sources */,
				41B9AC2C1DC08A780060B752 /* ScrabbleController.swift in Sources */,
				4163E6E61DC077EC00A02EA0 /* RhymeController.swift in Sources */,
				412B8B061DC169E700DF97B2 /* OldWordAlgorithm.swift in Sources */,
				418416FD1DC0697C00BE1985 /* AppDelegate.swift in Sources */,
				41D875C91DC09EA200F989E0 /* WordSearchFunctions.swift in Sources */,
				412B8B081DC16CC000DF97B2 /* MorphController.swift in Sources */,
			);
			runOnlyForDeploymentPostprocessing = 0;
		};
		418417091DC0697C00BE1985 /* Sources */ = {
			isa = PBXSourcesBuildPhase;
			buildActionMask = 2147483647;
			files = (
				418417121DC0697C00BE1985 /* Word_SearchTests.swift in Sources */,
			);
			runOnlyForDeploymentPostprocessing = 0;
		};
		418417141DC0697C00BE1985 /* Sources */ = {
			isa = PBXSourcesBuildPhase;
			buildActionMask = 2147483647;
			files = (
				4184171D1DC0697C00BE1985 /* Word_SearchUITests.swift in Sources */,
			);
			runOnlyForDeploymentPostprocessing = 0;
		};
/* End PBXSourcesBuildPhase section */

/* Begin PBXTargetDependency section */
		4184170F1DC0697C00BE1985 /* PBXTargetDependency */ = {
			isa = PBXTargetDependency;
			target = 418416F81DC0697C00BE1985 /* Word Search */;
			targetProxy = 4184170E1DC0697C00BE1985 /* PBXContainerItemProxy */;
		};
		4184171A1DC0697C00BE1985 /* PBXTargetDependency */ = {
			isa = PBXTargetDependency;
			target = 418416F81DC0697C00BE1985 /* Word Search */;
			targetProxy = 418417191DC0697C00BE1985 /* PBXContainerItemProxy */;
		};
/* End PBXTargetDependency section */

/* Begin PBXVariantGroup section */
		418417001DC0697C00BE1985 /* Main.storyboard */ = {
			isa = PBXVariantGroup;
			children = (
				418417011DC0697C00BE1985 /* Base */,
			);
			name = Main.storyboard;
			sourceTree = "<group>";
		};
		418417051DC0697C00BE1985 /* LaunchScreen.storyboard */ = {
			isa = PBXVariantGroup;
			children = (
				418417061DC0697C00BE1985 /* Base */,
			);
			name = LaunchScreen.storyboard;
			sourceTree = "<group>";
		};
/* End PBXVariantGroup section */

/* Begin XCBuildConfiguration section */
		4184171F1DC0697C00BE1985 /* Debug */ = {
			isa = XCBuildConfiguration;
			buildSettings = {
				ALWAYS_SEARCH_USER_PATHS = NO;
				CLANG_ANALYZER_NONNULL = YES;
				CLANG_CXX_LANGUAGE_STANDARD = "gnu++0x";
				CLANG_CXX_LIBRARY = "libc++";
				CLANG_ENABLE_MODULES = YES;
				CLANG_ENABLE_OBJC_ARC = YES;
				CLANG_WARN_BOOL_CONVERSION = YES;
				CLANG_WARN_CONSTANT_CONVERSION = YES;
				CLANG_WARN_DIRECT_OBJC_ISA_USAGE = YES_ERROR;
				CLANG_WARN_DOCUMENTATION_COMMENTS = YES;
				CLANG_WARN_EMPTY_BODY = YES;
				CLANG_WARN_ENUM_CONVERSION = YES;
				CLANG_WARN_INFINITE_RECURSION = YES;
				CLANG_WARN_INT_CONVERSION = YES;
				CLANG_WARN_OBJC_ROOT_CLASS = YES_ERROR;
				CLANG_WARN_SUSPICIOUS_MOVE = YES;
				CLANG_WARN_SUSPICIOUS_MOVES = YES;
				CLANG_WARN_UNREACHABLE_CODE = YES;
				CLANG_WARN__DUPLICATE_METHOD_MATCH = YES;
				"CODE_SIGN_IDENTITY[sdk=iphoneos*]" = "iPhone Developer";
				COPY_PHASE_STRIP = NO;
				DEBUG_INFORMATION_FORMAT = dwarf;
				ENABLE_STRICT_OBJC_MSGSEND = YES;
				ENABLE_TESTABILITY = YES;
				GCC_C_LANGUAGE_STANDARD = gnu99;
				GCC_DYNAMIC_NO_PIC = NO;
				GCC_NO_COMMON_BLOCKS = YES;
				GCC_OPTIMIZATION_LEVEL = 0;
				GCC_PREPROCESSOR_DEFINITIONS = (
					"DEBUG=1",
					"$(inherited)",
				);
				GCC_WARN_64_TO_32_BIT_CONVERSION = YES;
				GCC_WARN_ABOUT_RETURN_TYPE = YES_ERROR;
				GCC_WARN_UNDECLARED_SELECTOR = YES;
				GCC_WARN_UNINITIALIZED_AUTOS = YES_AGGRESSIVE;
				GCC_WARN_UNUSED_FUNCTION = YES;
				GCC_WARN_UNUSED_VARIABLE = YES;
				IPHONEOS_DEPLOYMENT_TARGET = 10.1;
				MTL_ENABLE_DEBUG_INFO = YES;
				ONLY_ACTIVE_ARCH = YES;
				SDKROOT = iphoneos;
				SWIFT_ACTIVE_COMPILATION_CONDITIONS = DEBUG;
				SWIFT_OPTIMIZATION_LEVEL = "-Onone";
			};
			name = Debug;
		};
		418417201DC0697C00BE1985 /* Release */ = {
			isa = XCBuildConfiguration;
			buildSettings = {
				ALWAYS_SEARCH_USER_PATHS = NO;
				CLANG_ANALYZER_NONNULL = YES;
				CLANG_CXX_LANGUAGE_STANDARD = "gnu++0x";
				CLANG_CXX_LIBRARY = "libc++";
				CLANG_ENABLE_MODULES = YES;
				CLANG_ENABLE_OBJC_ARC = YES;
				CLANG_WARN_BOOL_CONVERSION = YES;
				CLANG_WARN_CONSTANT_CONVERSION = YES;
				CLANG_WARN_DIRECT_OBJC_ISA_USAGE = YES_ERROR;
				CLANG_WARN_DOCUMENTATION_COMMENTS = YES;
				CLANG_WARN_EMPTY_BODY = YES;
				CLANG_WARN_ENUM_CONVERSION = YES;
				CLANG_WARN_INFINITE_RECURSION = YES;
				CLANG_WARN_INT_CONVERSION = YES;
				CLANG_WARN_OBJC_ROOT_CLASS = YES_ERROR;
				CLANG_WARN_SUSPICIOUS_MOVE = YES;
				CLANG_WARN_SUSPICIOUS_MOVES = YES;
				CLANG_WARN_UNREACHABLE_CODE = YES;
				CLANG_WARN__DUPLICATE_METHOD_MATCH = YES;
				"CODE_SIGN_IDENTITY[sdk=iphoneos*]" = "iPhone Developer";
				COPY_PHASE_STRIP = NO;
				DEBUG_INFORMATION_FORMAT = "dwarf-with-dsym";
				ENABLE_NS_ASSERTIONS = NO;
				ENABLE_STRICT_OBJC_MSGSEND = YES;
				GCC_C_LANGUAGE_STANDARD = gnu99;
				GCC_NO_COMMON_BLOCKS = YES;
				GCC_WARN_64_TO_32_BIT_CONVERSION = YES;
				GCC_WARN_ABOUT_RETURN_TYPE = YES_ERROR;
				GCC_WARN_UNDECLARED_SELECTOR = YES;
				GCC_WARN_UNINITIALIZED_AUTOS = YES_AGGRESSIVE;
				GCC_WARN_UNUSED_FUNCTION = YES;
				GCC_WARN_UNUSED_VARIABLE = YES;
				IPHONEOS_DEPLOYMENT_TARGET = 10.1;
				MTL_ENABLE_DEBUG_INFO = NO;
				SDKROOT = iphoneos;
				SWIFT_OPTIMIZATION_LEVEL = "-Owholemodule";
				VALIDATE_PRODUCT = YES;
			};
			name = Release;
		};
		418417221DC0697C00BE1985 /* Debug */ = {
			isa = XCBuildConfiguration;
			buildSettings = {
				ASSETCATALOG_COMPILER_APPICON_NAME = AppIcon;
				"CODE_SIGN_IDENTITY[sdk=iphoneos*]" = "iPhone Developer";
				DEVELOPMENT_TEAM = H4ECXMQC9V;
				INFOPLIST_FILE = "Word Search/Info.plist";
				IPHONEOS_DEPLOYMENT_TARGET = 10.1;
				LD_RUNPATH_SEARCH_PATHS = "$(inherited) @executable_path/Frameworks";
				PRODUCT_BUNDLE_IDENTIFIER = "me.bryevo.Word-Search";
				PRODUCT_NAME = "$(TARGET_NAME)";
				SWIFT_VERSION = 3.0;
				TARGETED_DEVICE_FAMILY = 1;
			};
			name = Debug;
		};
		418417231DC0697C00BE1985 /* Release */ = {
			isa = XCBuildConfiguration;
			buildSettings = {
				ASSETCATALOG_COMPILER_APPICON_NAME = AppIcon;
				"CODE_SIGN_IDENTITY[sdk=iphoneos*]" = "iPhone Developer";
				DEVELOPMENT_TEAM = H4ECXMQC9V;
				INFOPLIST_FILE = "Word Search/Info.plist";
				IPHONEOS_DEPLOYMENT_TARGET = 10.1;
				LD_RUNPATH_SEARCH_PATHS = "$(inherited) @executable_path/Frameworks";
				PRODUCT_BUNDLE_IDENTIFIER = "me.bryevo.Word-Search";
				PRODUCT_NAME = "$(TARGET_NAME)";
				SWIFT_VERSION = 3.0;
				TARGETED_DEVICE_FAMILY = 1;
			};
			name = Release;
		};
		418417251DC0697C00BE1985 /* Debug */ = {
			isa = XCBuildConfiguration;
			buildSettings = {
				ALWAYS_EMBED_SWIFT_STANDARD_LIBRARIES = YES;
				BUNDLE_LOADER = "$(TEST_HOST)";
				DEVELOPMENT_TEAM = H4ECXMQC9V;
				INFOPLIST_FILE = "Word SearchTests/Info.plist";
				LD_RUNPATH_SEARCH_PATHS = "$(inherited) @executable_path/Frameworks @loader_path/Frameworks";
				PRODUCT_BUNDLE_IDENTIFIER = "me.bryevo.Word-SearchTests";
				PRODUCT_NAME = "$(TARGET_NAME)";
				SWIFT_VERSION = 3.0;
				TEST_HOST = "$(BUILT_PRODUCTS_DIR)/Word Search.app/Word Search";
			};
			name = Debug;
		};
		418417261DC0697C00BE1985 /* Release */ = {
			isa = XCBuildConfiguration;
			buildSettings = {
				ALWAYS_EMBED_SWIFT_STANDARD_LIBRARIES = YES;
				BUNDLE_LOADER = "$(TEST_HOST)";
				DEVELOPMENT_TEAM = H4ECXMQC9V;
				INFOPLIST_FILE = "Word SearchTests/Info.plist";
				LD_RUNPATH_SEARCH_PATHS = "$(inherited) @executable_path/Frameworks @loader_path/Frameworks";
				PRODUCT_BUNDLE_IDENTIFIER = "me.bryevo.Word-SearchTests";
				PRODUCT_NAME = "$(TARGET_NAME)";
				SWIFT_VERSION = 3.0;
				TEST_HOST = "$(BUILT_PRODUCTS_DIR)/Word Search.app/Word Search";
			};
			name = Release;
		};
		418417281DC0697C00BE1985 /* Debug */ = {
			isa = XCBuildConfiguration;
			buildSettings = {
				ALWAYS_EMBED_SWIFT_STANDARD_LIBRARIES = YES;
				DEVELOPMENT_TEAM = H4ECXMQC9V;
				INFOPLIST_FILE = "Word SearchUITests/Info.plist";
				LD_RUNPATH_SEARCH_PATHS = "$(inherited) @executable_path/Frameworks @loader_path/Frameworks";
				PRODUCT_BUNDLE_IDENTIFIER = "me.bryevo.Word-SearchUITests";
				PRODUCT_NAME = "$(TARGET_NAME)";
				SWIFT_VERSION = 3.0;
				TEST_TARGET_NAME = "Word Search";
			};
			name = Debug;
		};
		418417291DC0697C00BE1985 /* Release */ = {
			isa = XCBuildConfiguration;
			buildSettings = {
				ALWAYS_EMBED_SWIFT_STANDARD_LIBRARIES = YES;
				DEVELOPMENT_TEAM = H4ECXMQC9V;
				INFOPLIST_FILE = "Word SearchUITests/Info.plist";
				LD_RUNPATH_SEARCH_PATHS = "$(inherited) @executable_path/Frameworks @loader_path/Frameworks";
				PRODUCT_BUNDLE_IDENTIFIER = "me.bryevo.Word-SearchUITests";
				PRODUCT_NAME = "$(TARGET_NAME)";
				SWIFT_VERSION = 3.0;
				TEST_TARGET_NAME = "Word Search";
			};
			name = Release;
		};
/* End XCBuildConfiguration section */

/* Begin XCConfigurationList section */
		418416F41DC0697C00BE1985 /* Build configuration list for PBXProject "Word Search" */ = {
			isa = XCConfigurationList;
			buildConfigurations = (
				4184171F1DC0697C00BE1985 /* Debug */,
				418417201DC0697C00BE1985 /* Release */,
			);
			defaultConfigurationIsVisible = 0;
			defaultConfigurationName = Release;
		};
		418417211DC0697C00BE1985 /* Build configuration list for PBXNativeTarget "Word Search" */ = {
			isa = XCConfigurationList;
			buildConfigurations = (
				418417221DC0697C00BE1985 /* Debug */,
				418417231DC0697C00BE1985 /* Release */,
			);
			defaultConfigurationIsVisible = 0;
			defaultConfigurationName = Release;
		};
		418417241DC0697C00BE1985 /* Build configuration list for PBXNativeTarget "Word SearchTests" */ = {
			isa = XCConfigurationList;
			buildConfigurations = (
				418417251DC0697C00BE1985 /* Debug */,
				418417261DC0697C00BE1985 /* Release */,
			);
			defaultConfigurationIsVisible = 0;
			defaultConfigurationName = Release;
		};
		418417271DC0697C00BE1985 /* Build configuration list for PBXNativeTarget "Word SearchUITests" */ = {
			isa = XCConfigurationList;
			buildConfigurations = (
				418417281DC0697C00BE1985 /* Debug */,
				418417291DC0697C00BE1985 /* Release */,
			);
			defaultConfigurationIsVisible = 0;
			defaultConfigurationName = Release;
		};
/* End XCConfigurationList section */
	};
	rootObject = 418416F11DC0697C00BE1985 /* Project object */;
}
